
Microsoft Visual Studio Solution File, Format Version 12.00
# Visual Studio 15
VisualStudioVersion = 15.0.26124.0
MinimumVisualStudioVersion = 15.0.26124.0
Project("{FAE04EC0-301F-11D3-BF4B-00C04F79EFBC}") = "Application", "Application\Application.csproj", "{23FE9730-BF09-48A6-8CEE-C7BB3C8E6614}"
EndProject
Project("{FAE04EC0-301F-11D3-BF4B-00C04F79EFBC}") = "Domain", "Domain\Domain.csproj", "{34409FD5-BED3-447D-8D60-13E8DE22B02D}"
EndProject
Project("{FAE04EC0-301F-11D3-BF4B-00C04F79EFBC}") = "Persistence", "Persistence\Persistence.csproj", "{BFCA77BB-A625-4E9B-BA13-4A42D7DCAD8A}"
EndProject
Project("{FAE04EC0-301F-11D3-BF4B-00C04F79EFBC}") = "API", "API\API.csproj", "{42E44562-FEBC-4976-A323-E1714CA0719A}"
EndProject
Global
	GlobalSection(SolutionConfigurationPlatforms) = preSolution
		Debug|Any CPU = Debug|Any CPU
		Debug|x64 = Debug|x64
		Debug|x86 = Debug|x86
		Release|Any CPU = Release|Any CPU
		Release|x64 = Release|x64
		Release|x86 = Release|x86
	EndGlobalSection
	GlobalSection(SolutionProperties) = preSolution
		HideSolutionNode = FALSE
	EndGlobalSection
	GlobalSection(ProjectConfigurationPlatforms) = postSolution
		{23FE9730-BF09-48A6-8CEE-C7BB3C8E6614}.Debug|Any CPU.ActiveCfg = Debug|Any CPU
		{23FE9730-BF09-48A6-8CEE-C7BB3C8E6614}.Debug|Any CPU.Build.0 = Debug|Any CPU
		{23FE9730-BF09-48A6-8CEE-C7BB3C8E6614}.Debug|x64.ActiveCfg = Debug|Any CPU
		{23FE9730-BF09-48A6-8CEE-C7BB3C8E6614}.Debug|x64.Build.0 = Debug|Any CPU
		{23FE9730-BF09-48A6-8CEE-C7BB3C8E6614}.Debug|x86.ActiveCfg = Debug|Any CPU
		{23FE9730-BF09-48A6-8CEE-C7BB3C8E6614}.Debug|x86.Build.0 = Debug|Any CPU
		{23FE9730-BF09-48A6-8CEE-C7BB3C8E6614}.Release|Any CPU.ActiveCfg = Release|Any CPU
		{23FE9730-BF09-48A6-8CEE-C7BB3C8E6614}.Release|Any CPU.Build.0 = Release|Any CPU
		{23FE9730-BF09-48A6-8CEE-C7BB3C8E6614}.Release|x64.ActiveCfg = Release|Any CPU
		{23FE9730-BF09-48A6-8CEE-C7BB3C8E6614}.Release|x64.Build.0 = Release|Any CPU
		{23FE9730-BF09-48A6-8CEE-C7BB3C8E6614}.Release|x86.ActiveCfg = Release|Any CPU
		{23FE9730-BF09-48A6-8CEE-C7BB3C8E6614}.Release|x86.Build.0 = Release|Any CPU
		{34409FD5-BED3-447D-8D60-13E8DE22B02D}.Debug|Any CPU.ActiveCfg = Debug|Any CPU
		{34409FD5-BED3-447D-8D60-13E8DE22B02D}.Debug|Any CPU.Build.0 = Debug|Any CPU
		{34409FD5-BED3-447D-8D60-13E8DE22B02D}.Debug|x64.ActiveCfg = Debug|Any CPU
		{34409FD5-BED3-447D-8D60-13E8DE22B02D}.Debug|x64.Build.0 = Debug|Any CPU
		{34409FD5-BED3-447D-8D60-13E8DE22B02D}.Debug|x86.ActiveCfg = Debug|Any CPU
		{34409FD5-BED3-447D-8D60-13E8DE22B02D}.Debug|x86.Build.0 = Debug|Any CPU
		{34409FD5-BED3-447D-8D60-13E8DE22B02D}.Release|Any CPU.ActiveCfg = Release|Any CPU
		{34409FD5-BED3-447D-8D60-13E8DE22B02D}.Release|Any CPU.Build.0 = Release|Any CPU
		{34409FD5-BED3-447D-8D60-13E8DE22B02D}.Release|x64.ActiveCfg = Release|Any CPU
		{34409FD5-BED3-447D-8D60-13E8DE22B02D}.Release|x64.Build.0 = Release|Any CPU
		{34409FD5-BED3-447D-8D60-13E8DE22B02D}.Release|x86.ActiveCfg = Release|Any CPU
		{34409FD5-BED3-447D-8D60-13E8DE22B02D}.Release|x86.Build.0 = Release|Any CPU
		{BFCA77BB-A625-4E9B-BA13-4A42D7DCAD8A}.Debug|Any CPU.ActiveCfg = Debug|Any CPU
		{BFCA77BB-A625-4E9B-BA13-4A42D7DCAD8A}.Debug|Any CPU.Build.0 = Debug|Any CPU
		{BFCA77BB-A625-4E9B-BA13-4A42D7DCAD8A}.Debug|x64.ActiveCfg = Debug|Any CPU
		{BFCA77BB-A625-4E9B-BA13-4A42D7DCAD8A}.Debug|x64.Build.0 = Debug|Any CPU
		{BFCA77BB-A625-4E9B-BA13-4A42D7DCAD8A}.Debug|x86.ActiveCfg = Debug|Any CPU
		{BFCA77BB-A625-4E9B-BA13-4A42D7DCAD8A}.Debug|x86.Build.0 = Debug|Any CPU
		{BFCA77BB-A625-4E9B-BA13-4A42D7DCAD8A}.Release|Any CPU.ActiveCfg = Release|Any CPU
		{BFCA77BB-A625-4E9B-BA13-4A42D7DCAD8A}.Release|Any CPU.Build.0 = Release|Any CPU
		{BFCA77BB-A625-4E9B-BA13-4A42D7DCAD8A}.Release|x64.ActiveCfg = Release|Any CPU
		{BFCA77BB-A625-4E9B-BA13-4A42D7DCAD8A}.Release|x64.Build.0 = Release|Any CPU
		{BFCA77BB-A625-4E9B-BA13-4A42D7DCAD8A}.Release|x86.ActiveCfg = Release|Any CPU
		{BFCA77BB-A625-4E9B-BA13-4A42D7DCAD8A}.Release|x86.Build.0 = Release|Any CPU
		{42E44562-FEBC-4976-A323-E1714CA0719A}.Debug|Any CPU.ActiveCfg = Debug|Any CPU
		{42E44562-FEBC-4976-A323-E1714CA0719A}.Debug|Any CPU.Build.0 = Debug|Any CPU
		{42E44562-FEBC-4976-A323-E1714CA0719A}.Debug|x64.ActiveCfg = Debug|Any CPU
		{42E44562-FEBC-4976-A323-E1714CA0719A}.Debug|x64.Build.0 = Debug|Any CPU
		{42E44562-FEBC-4976-A323-E1714CA0719A}.Debug|x86.ActiveCfg = Debug|Any CPU
		{42E44562-FEBC-4976-A323-E1714CA0719A}.Debug|x86.Build.0 = Debug|Any CPU
		{42E44562-FEBC-4976-A323-E1714CA0719A}.Release|Any CPU.ActiveCfg = Release|Any CPU
		{42E44562-FEBC-4976-A323-E1714CA0719A}.Release|Any CPU.Build.0 = Release|Any CPU
		{42E44562-FEBC-4976-A323-E1714CA0719A}.Release|x64.ActiveCfg = Release|Any CPU
		{42E44562-FEBC-4976-A323-E1714CA0719A}.Release|x64.Build.0 = Release|Any CPU
		{42E44562-FEBC-4976-A323-E1714CA0719A}.Release|x86.ActiveCfg = Release|Any CPU
		{42E44562-FEBC-4976-A323-E1714CA0719A}.Release|x86.Build.0 = Release|Any CPU
	EndGlobalSection
EndGlobal
